
Microsoft Visual Studio Solution File, Format Version 12.00
# Visual Studio 15
VisualStudioVersion = 15.0.28307.136
MinimumVisualStudioVersion = 10.0.40219.1
Project("{FAE04EC0-301F-11D3-BF4B-00C04F79EFBC}") = "Calculator", "Calculator\Calculator.csproj", "{AD37C6C8-E340-4C6C-A8A8-042A0888585A}"
EndProject
Project("{FAE04EC0-301F-11D3-BF4B-00C04F79EFBC}") = "Calculator.Unit.Test", "Calculator.Unit.Test\Calculator.Unit.Test.csproj", "{16CDBCAC-484C-41D2-A436-7D4E9AD4C6C7}"
EndProject
Global
	GlobalSection(SolutionConfigurationPlatforms) = preSolution
		Debug|Any CPU = Debug|Any CPU
		Release|Any CPU = Release|Any CPU
	EndGlobalSection
	GlobalSection(ProjectConfigurationPlatforms) = postSolution
		{AD37C6C8-E340-4C6C-A8A8-042A0888585A}.Debug|Any CPU.ActiveCfg = Debug|Any CPU
		{AD37C6C8-E340-4C6C-A8A8-042A0888585A}.Debug|Any CPU.Build.0 = Debug|Any CPU
		{AD37C6C8-E340-4C6C-A8A8-042A0888585A}.Release|Any CPU.ActiveCfg = Release|Any CPU
		{AD37C6C8-E340-4C6C-A8A8-042A0888585A}.Release|Any CPU.Build.0 = Release|Any CPU
		{16CDBCAC-484C-41D2-A436-7D4E9AD4C6C7}.Debug|Any CPU.ActiveCfg = Debug|Any CPU
		{16CDBCAC-484C-41D2-A436-7D4E9AD4C6C7}.Debug|Any CPU.Build.0 = Debug|Any CPU
		{16CDBCAC-484C-41D2-A436-7D4E9AD4C6C7}.Release|Any CPU.ActiveCfg = Release|Any CPU
		{16CDBCAC-484C-41D2-A436-7D4E9AD4C6C7}.Release|Any CPU.Build.0 = Release|Any CPU
	EndGlobalSection
	GlobalSection(SolutionProperties) = preSolution
		HideSolutionNode = FALSE
	EndGlobalSection
	GlobalSection(ExtensibilityGlobals) = postSolution
		SolutionGuid = {4859ED5A-EAC6-42F2-AFBB-74BD0BFFE8C3}
	EndGlobalSection
EndGlobal
